{
  "requires": true,
  "lockfileVersion": 1,
  "dependencies": {
    "ng-thermal-print": {
      "version": "1.0.3",
      "resolved": "https://registry.npmjs.org/ng-thermal-print/-/ng-thermal-print-1.0.3.tgz",
      "integrity": "sha512-miMv5Lq7WdB3eoseqU3Jmm13+YxXrpyM7XRWZZHO+FzF7/7n7bcN1cV2iQU5sWqP1lrnbAF0kA0pJXecfvjOVw==",
      "requires": {
        "tslib": "^2.0.0"
      }
    },
    "tslib": {
      "version": "2.5.0",
      "resolved": "https://registry.npmjs.org/tslib/-/tslib-2.5.0.tgz",
      "integrity": "sha512-336iVw3rtn2BUK7ORdIAHTyxHGRIHVReokCR3XjbckJMK7ms8FysBfhLR8IXnAgy7T0PTPNBWKiH514FOW/WSg=="
    }
  }
}
